{"1.2.0",
[{<<"cowboy">>,
  {git,"https://github.com/ninenines/cowboy.git",
       {ref,"30ee75cea14c1fd63a46093cfb2bb9ad3f844f75"}},
  0},
 {<<"cowlib">>,
  {git,"https://github.com/ninenines/cowlib",
       {ref,"e9448e5628c8c1d9083223ff973af8de31a566d1"}},
  1},
 {<<"erlbus">>,
  {git,"https://github.com/vishnuvaradaraj/erlbus",
       {ref,"0b91b7b3ad54ab64658a2e12ac25571e05deac1d"}},
  0},
 {<<"jiffy">>,
  {git,"https://github.com/davisp/jiffy.git",
       {ref,"9ea1b35b6e60ba21dfd4adbd18e7916a831fd7d4"}},
  0},
 {<<"ranch">>,
  {git,"https://github.com/ninenines/ranch",
       {ref,"a692f44567034dacf5efcaa24a24183788594eb7"}},
  1},
 {<<"shards">>,{pkg,<<"shards">>,<<"1.0.1">>},0}]}.
[
{pkg_hash,[
 {<<"shards">>, <<"1BDBBF047DB27F3C3EB800A829D4A47062C84D5543CBFEBCFC4C14D038BF9220">>}]},
{pkg_hash_ext,[
 {<<"shards">>, <<"2C57788AFBF053C4024366772892BEEE89B8B72E884E764FB0A075DFA7442041">>}]}
].
