{"1.2.0",
[{<<"cowboy">>,
  {git,"https://github.com/ninenines/cowboy.git",
       {ref,"b8e4115eb13488c517d8d8ef33c47d0eaa7838c6"}},
  0},
 {<<"cowlib">>,
  {git,"https://github.com/ninenines/cowlib.git",
       {ref,"d544a494af4dbc810fc9c15eaf5cc050cced1501"}},
  1},
 {<<"erlbus">>,
  {git,"https://github.com/vishnuvaradaraj/erlbus",
       {ref,"352bde64f07c615312b1ffb40a8c3d7586e4172c"}},
  0},
 {<<"jiffy">>,
  {git,"https://github.com/davisp/jiffy.git",
       {ref,"9ea1b35b6e60ba21dfd4adbd18e7916a831fd7d4"}},
  0},
 {<<"ranch">>,
  {git,"https://github.com/ninenines/ranch.git",
       {ref,"adf1822defc2b7cfdc7aca112adabfa1d614043c"}},
  1},
 {<<"shards">>,{pkg,<<"shards">>,<<"1.0.1">>},0}]}.
[
{pkg_hash,[
 {<<"shards">>, <<"1BDBBF047DB27F3C3EB800A829D4A47062C84D5543CBFEBCFC4C14D038BF9220">>}]},
{pkg_hash_ext,[
 {<<"shards">>, <<"2C57788AFBF053C4024366772892BEEE89B8B72E884E764FB0A075DFA7442041">>}]}
].
